// !$*UTF8*$!
{
	archiveVersion = 1;
	classes = {
	};
	objectVersion = 56;
	objects = {

/* Begin PBXBuildFile section */
		F2E478B02BA5EA350081A825 /* Target_CountdownApp.swift in Sources */ = {isa = PBXBuildFile; fileRef = F2E478AF2BA5EA350081A825 /* Target_CountdownApp.swift */; };
		F2E478B22BA5EA350081A825 /* ContentView.swift in Sources */ = {isa = PBXBuildFile; fileRef = F2E478B12BA5EA350081A825 /* ContentView.swift */; };
		F2E478B42BA5EA350081A825 /* Item.swift in Sources */ = {isa = PBXBuildFile; fileRef = F2E478B32BA5EA350081A825 /* Item.swift */; };
		F2E478B62BA5EA370081A825 /* Assets.xcassets in Resources */ = {isa = PBXBuildFile; fileRef = F2E478B52BA5EA370081A825 /* Assets.xcassets */; };
		F2E478B92BA5EA370081A825 /* Preview Assets.xcassets in Resources */ = {isa = PBXBuildFile; fileRef = F2E478B82BA5EA370081A825 /* Preview Assets.xcassets */; };
		F2E478C02BA703010081A825 /* TargetItem.swift in Sources */ = {isa = PBXBuildFile; fileRef = F2E478BF2BA703010081A825 /* TargetItem.swift */; };
		F2E478C22BA71CBD0081A825 /* MainView.swift in Sources */ = {isa = PBXBuildFile; fileRef = F2E478C12BA71CBD0081A825 /* MainView.swift */; };
		F2E478C42BA71D250081A825 /* SettingView.swift in Sources */ = {isa = PBXBuildFile; fileRef = F2E478C32BA71D250081A825 /* SettingView.swift */; };
		F2E478C62BA720870081A825 /* SingleTargetView.swift in Sources */ = {isa = PBXBuildFile; fileRef = F2E478C52BA720870081A825 /* SingleTargetView.swift */; };
		F2E478C92BA732C00081A825 /* WaveSharp.swift in Sources */ = {isa = PBXBuildFile; fileRef = F2E478C82BA732C00081A825 /* WaveSharp.swift */; };
/* End PBXBuildFile section */

/* Begin PBXFileReference section */
		F2E478AC2BA5EA350081A825 /* Target Countdown.app */ = {isa = PBXFileReference; explicitFileType = wrapper.application; includeInIndex = 0; path = "Target Countdown.app"; sourceTree = BUILT_PRODUCTS_DIR; };
		F2E478AF2BA5EA350081A825 /* Target_CountdownApp.swift */ = {isa = PBXFileReference; lastKnownFileType = sourcecode.swift; path = Target_CountdownApp.swift; sourceTree = "<group>"; };
		F2E478B12BA5EA350081A825 /* ContentView.swift */ = {isa = PBXFileReference; lastKnownFileType = sourcecode.swift; path = ContentView.swift; sourceTree = "<group>"; };
		F2E478B32BA5EA350081A825 /* Item.swift */ = {isa = PBXFileReference; lastKnownFileType = sourcecode.swift; path = Item.swift; sourceTree = "<group>"; };
		F2E478B52BA5EA370081A825 /* Assets.xcassets */ = {isa = PBXFileReference; lastKnownFileType = folder.assetcatalog; path = Assets.xcassets; sourceTree = "<group>"; };
		F2E478B82BA5EA370081A825 /* Preview Assets.xcassets */ = {isa = PBXFileReference; lastKnownFileType = folder.assetcatalog; path = "Preview Assets.xcassets"; sourceTree = "<group>"; };
		F2E478BF2BA703010081A825 /* TargetItem.swift */ = {isa = PBXFileReference; lastKnownFileType = sourcecode.swift; path = TargetItem.swift; sourceTree = "<group>"; };
		F2E478C12BA71CBD0081A825 /* MainView.swift */ = {isa = PBXFileReference; lastKnownFileType = sourcecode.swift; path = MainView.swift; sourceTree = "<group>"; };
		F2E478C32BA71D250081A825 /* SettingView.swift */ = {isa = PBXFileReference; lastKnownFileType = sourcecode.swift; path = SettingView.swift; sourceTree = "<group>"; };
		F2E478C52BA720870081A825 /* SingleTargetView.swift */ = {isa = PBXFileReference; lastKnownFileType = sourcecode.swift; path = SingleTargetView.swift; sourceTree = "<group>"; };
		F2E478C82BA732C00081A825 /* WaveSharp.swift */ = {isa = PBXFileReference; lastKnownFileType = sourcecode.swift; path = WaveSharp.swift; sourceTree = "<group>"; };
/* End PBXFileReference section */

/* Begin PBXFrameworksBuildPhase section */
		F2E478A92BA5EA350081A825 /* Frameworks */ = {
			isa = PBXFrameworksBuildPhase;
			buildActionMask = 2147483647;
			files = (
			);
			runOnlyForDeploymentPostprocessing = 0;
		};
/* End PBXFrameworksBuildPhase section */

/* Begin PBXGroup section */
		F2E478A32BA5EA350081A825 = {
			isa = PBXGroup;
			children = (
				F2E478AE2BA5EA350081A825 /* Target Countdown */,
				F2E478AD2BA5EA350081A825 /* Products */,
			);
			sourceTree = "<group>";
		};
		F2E478AD2BA5EA350081A825 /* Products */ = {
			isa = PBXGroup;
			children = (
				F2E478AC2BA5EA350081A825 /* Target Countdown.app */,
			);
			name = Products;
			sourceTree = "<group>";
		};
		F2E478AE2BA5EA350081A825 /* Target Countdown */ = {
			isa = PBXGroup;
			children = (
				F2E478AF2BA5EA350081A825 /* Target_CountdownApp.swift */,
				F2E478B12BA5EA350081A825 /* ContentView.swift */,
				F2E478B32BA5EA350081A825 /* Item.swift */,
				F2E478C12BA71CBD0081A825 /* MainView.swift */,
				F2E478C52BA720870081A825 /* SingleTargetView.swift */,
				F2E478C72BA727DA0081A825 /* Structs */,
				F2E478C32BA71D250081A825 /* SettingView.swift */,
				F2E478BF2BA703010081A825 /* TargetItem.swift */,
				F2E478B52BA5EA370081A825 /* Assets.xcassets */,
				F2E478B72BA5EA370081A825 /* Preview Content */,
			);
			path = "Target Countdown";
			sourceTree = "<group>";
		};
		F2E478B72BA5EA370081A825 /* Preview Content */ = {
			isa = PBXGroup;
			children = (
				F2E478B82BA5EA370081A825 /* Preview Assets.xcassets */,
			);
			path = "Preview Content";
			sourceTree = "<group>";
		};
		F2E478C72BA727DA0081A825 /* Structs */ = {
			isa = PBXGroup;
			children = (
				F2E478C82BA732C00081A825 /* WaveSharp.swift */,
			);
			path = Structs;
			sourceTree = "<group>";
		};
/* End PBXGroup section */

/* Begin PBXNativeTarget section */
		F2E478AB2BA5EA350081A825 /* Target Countdown */ = {
			isa = PBXNativeTarget;
			buildConfigurationList = F2E478BC2BA5EA370081A825 /* Build configuration list for PBXNativeTarget "Target Countdown" */;
			buildPhases = (
				F2E478A82BA5EA350081A825 /* Sources */,
				F2E478A92BA5EA350081A825 /* Frameworks */,
				F2E478AA2BA5EA350081A825 /* Resources */,
			);
			buildRules = (
			);
			dependencies = (
			);
			name = "Target Countdown";
			productName = "Target Countdown";
			productReference = F2E478AC2BA5EA350081A825 /* Target Countdown.app */;
			productType = "com.apple.product-type.application";
		};
/* End PBXNativeTarget section */

/* Begin PBXProject section */
		F2E478A42BA5EA350081A825 /* Project object */ = {
			isa = PBXProject;
			attributes = {
				BuildIndependentTargetsInParallel = 1;
				LastSwiftUpdateCheck = 1530;
				LastUpgradeCheck = 1530;
				TargetAttributes = {
					F2E478AB2BA5EA350081A825 = {
						CreatedOnToolsVersion = 15.3;
					};
				};
			};
			buildConfigurationList = F2E478A72BA5EA350081A825 /* Build configuration list for PBXProject "Target Countdown" */;
			compatibilityVersion = "Xcode 14.0";
			developmentRegion = en;
			hasScannedForEncodings = 0;
			knownRegions = (
				en,
				Base,
			);
			mainGroup = F2E478A32BA5EA350081A825;
			productRefGroup = F2E478AD2BA5EA350081A825 /* Products */;
			projectDirPath = "";
			projectRoot = "";
			targets = (
				F2E478AB2BA5EA350081A825 /* Target Countdown */,
			);
		};
/* End PBXProject section */

/* Begin PBXResourcesBuildPhase section */
		F2E478AA2BA5EA350081A825 /* Resources */ = {
			isa = PBXResourcesBuildPhase;
			buildActionMask = 2147483647;
			files = (
				F2E478B92BA5EA370081A825 /* Preview Assets.xcassets in Resources */,
				F2E478B62BA5EA370081A825 /* Assets.xcassets in Resources */,
			);
			runOnlyForDeploymentPostprocessing = 0;
		};
/* End PBXResourcesBuildPhase section */

/* Begin PBXSourcesBuildPhase section */
		F2E478A82BA5EA350081A825 /* Sources */ = {
			isa = PBXSourcesBuildPhase;
			buildActionMask = 2147483647;
			files = (
				F2E478B22BA5EA350081A825 /* ContentView.swift in Sources */,
				F2E478C02BA703010081A825 /* TargetItem.swift in Sources */,
				F2E478B42BA5EA350081A825 /* Item.swift in Sources */,
				F2E478C92BA732C00081A825 /* WaveSharp.swift in Sources */,
				F2E478C42BA71D250081A825 /* SettingView.swift in Sources */,
				F2E478C22BA71CBD0081A825 /* MainView.swift in Sources */,
				F2E478B02BA5EA350081A825 /* Target_CountdownApp.swift in Sources */,
				F2E478C62BA720870081A825 /* SingleTargetView.swift in Sources */,
			);
			runOnlyForDeploymentPostprocessing = 0;
		};
/* End PBXSourcesBuildPhase section */

/* Begin XCBuildConfiguration section */
		F2E478BA2BA5EA370081A825 /* Debug */ = {
			isa = XCBuildConfiguration;
			buildSettings = {
				ALWAYS_SEARCH_USER_PATHS = NO;
				ASSETCATALOG_COMPILER_GENERATE_SWIFT_ASSET_SYMBOL_EXTENSIONS = YES;
				CLANG_ANALYZER_NONNULL = YES;
				CLANG_ANALYZER_NUMBER_OBJECT_CONVERSION = YES_AGGRESSIVE;
				CLANG_CXX_LANGUAGE_STANDARD = "gnu++20";
				CLANG_ENABLE_MODULES = YES;
				CLANG_ENABLE_OBJC_ARC = YES;
				CLANG_ENABLE_OBJC_WEAK = YES;
				CLANG_WARN_BLOCK_CAPTURE_AUTORELEASING = YES;
				CLANG_WARN_BOOL_CONVERSION = YES;
				CLANG_WARN_COMMA = YES;
				CLANG_WARN_CONSTANT_CONVERSION = YES;
				CLANG_WARN_DEPRECATED_OBJC_IMPLEMENTATIONS = YES;
				CLANG_WARN_DIRECT_OBJC_ISA_USAGE = YES_ERROR;
				CLANG_WARN_DOCUMENTATION_COMMENTS = YES;
				CLANG_WARN_EMPTY_BODY = YES;
				CLANG_WARN_ENUM_CONVERSION = YES;
				CLANG_WARN_INFINITE_RECURSION = YES;
				CLANG_WARN_INT_CONVERSION = YES;
				CLANG_WARN_NON_LITERAL_NULL_CONVERSION = YES;
				CLANG_WARN_OBJC_IMPLICIT_RETAIN_SELF = YES;
				CLANG_WARN_OBJC_LITERAL_CONVERSION = YES;
				CLANG_WARN_OBJC_ROOT_CLASS = YES_ERROR;
				CLANG_WARN_QUOTED_INCLUDE_IN_FRAMEWORK_HEADER = YES;
				CLANG_WARN_RANGE_LOOP_ANALYSIS = YES;
				CLANG_WARN_STRICT_PROTOTYPES = YES;
				CLANG_WARN_SUSPICIOUS_MOVE = YES;
				CLANG_WARN_UNGUARDED_AVAILABILITY = YES_AGGRESSIVE;
				CLANG_WARN_UNREACHABLE_CODE = YES;
				CLANG_WARN__DUPLICATE_METHOD_MATCH = YES;
				COPY_PHASE_STRIP = NO;
				DEBUG_INFORMATION_FORMAT = dwarf;
				ENABLE_STRICT_OBJC_MSGSEND = YES;
				ENABLE_TESTABILITY = YES;
				ENABLE_USER_SCRIPT_SANDBOXING = YES;
				GCC_C_LANGUAGE_STANDARD = gnu17;
				GCC_DYNAMIC_NO_PIC = NO;
				GCC_NO_COMMON_BLOCKS = YES;
				GCC_OPTIMIZATION_LEVEL = 0;
				GCC_PREPROCESSOR_DEFINITIONS = (
					"DEBUG=1",
					"$(inherited)",
				);
				GCC_WARN_64_TO_32_BIT_CONVERSION = YES;
				GCC_WARN_ABOUT_RETURN_TYPE = YES_ERROR;
				GCC_WARN_UNDECLARED_SELECTOR = YES;
				GCC_WARN_UNINITIALIZED_AUTOS = YES_AGGRESSIVE;
				GCC_WARN_UNUSED_FUNCTION = YES;
				GCC_WARN_UNUSED_VARIABLE = YES;
				IPHONEOS_DEPLOYMENT_TARGET = 17.4;
				LOCALIZATION_PREFERS_STRING_CATALOGS = YES;
				MTL_ENABLE_DEBUG_INFO = INCLUDE_SOURCE;
				MTL_FAST_MATH = YES;
				ONLY_ACTIVE_ARCH = YES;
				SDKROOT = iphoneos;
				SWIFT_ACTIVE_COMPILATION_CONDITIONS = "DEBUG $(inherited)";
				SWIFT_OPTIMIZATION_LEVEL = "-Onone";
			};
			name = Debug;
		};
		F2E478BB2BA5EA370081A825 /* Release */ = {
			isa = XCBuildConfiguration;
			buildSettings = {
				ALWAYS_SEARCH_USER_PATHS = NO;
				ASSETCATALOG_COMPILER_GENERATE_SWIFT_ASSET_SYMBOL_EXTENSIONS = YES;
				CLANG_ANALYZER_NONNULL = YES;
				CLANG_ANALYZER_NUMBER_OBJECT_CONVERSION = YES_AGGRESSIVE;
				CLANG_CXX_LANGUAGE_STANDARD = "gnu++20";
				CLANG_ENABLE_MODULES = YES;
				CLANG_ENABLE_OBJC_ARC = YES;
				CLANG_ENABLE_OBJC_WEAK = YES;
				CLANG_WARN_BLOCK_CAPTURE_AUTORELEASING = YES;
				CLANG_WARN_BOOL_CONVERSION = YES;
				CLANG_WARN_COMMA = YES;
				CLANG_WARN_CONSTANT_CONVERSION = YES;
				CLANG_WARN_DEPRECATED_OBJC_IMPLEMENTATIONS = YES;
				CLANG_WARN_DIRECT_OBJC_ISA_USAGE = YES_ERROR;
				CLANG_WARN_DOCUMENTATION_COMMENTS = YES;
				CLANG_WARN_EMPTY_BODY = YES;
				CLANG_WARN_ENUM_CONVERSION = YES;
				CLANG_WARN_INFINITE_RECURSION = YES;
				CLANG_WARN_INT_CONVERSION = YES;
				CLANG_WARN_NON_LITERAL_NULL_CONVERSION = YES;
				CLANG_WARN_OBJC_IMPLICIT_RETAIN_SELF = YES;
				CLANG_WARN_OBJC_LITERAL_CONVERSION = YES;
				CLANG_WARN_OBJC_ROOT_CLASS = YES_ERROR;
				CLANG_WARN_QUOTED_INCLUDE_IN_FRAMEWORK_HEADER = YES;
				CLANG_WARN_RANGE_LOOP_ANALYSIS = YES;
				CLANG_WARN_STRICT_PROTOTYPES = YES;
				CLANG_WARN_SUSPICIOUS_MOVE = YES;
				CLANG_WARN_UNGUARDED_AVAILABILITY = YES_AGGRESSIVE;
				CLANG_WARN_UNREACHABLE_CODE = YES;
				CLANG_WARN__DUPLICATE_METHOD_MATCH = YES;
				COPY_PHASE_STRIP = NO;
				DEBUG_INFORMATION_FORMAT = "dwarf-with-dsym";
				ENABLE_NS_ASSERTIONS = NO;
				ENABLE_STRICT_OBJC_MSGSEND = YES;
				ENABLE_USER_SCRIPT_SANDBOXING = YES;
				GCC_C_LANGUAGE_STANDARD = gnu17;
				GCC_NO_COMMON_BLOCKS = YES;
				GCC_WARN_64_TO_32_BIT_CONVERSION = YES;
				GCC_WARN_ABOUT_RETURN_TYPE = YES_ERROR;
				GCC_WARN_UNDECLARED_SELECTOR = YES;
				GCC_WARN_UNINITIALIZED_AUTOS = YES_AGGRESSIVE;
				GCC_WARN_UNUSED_FUNCTION = YES;
				GCC_WARN_UNUSED_VARIABLE = YES;
				IPHONEOS_DEPLOYMENT_TARGET = 17.4;
				LOCALIZATION_PREFERS_STRING_CATALOGS = YES;
				MTL_ENABLE_DEBUG_INFO = NO;
				MTL_FAST_MATH = YES;
				SDKROOT = iphoneos;
				SWIFT_COMPILATION_MODE = wholemodule;
				VALIDATE_PRODUCT = YES;
			};
			name = Release;
		};
		F2E478BD2BA5EA370081A825 /* Debug */ = {
			isa = XCBuildConfiguration;
			buildSettings = {
				ASSETCATALOG_COMPILER_APPICON_NAME = AppIcon;
				ASSETCATALOG_COMPILER_GLOBAL_ACCENT_COLOR_NAME = AccentColor;
				CODE_SIGN_STYLE = Automatic;
				CURRENT_PROJECT_VERSION = 1;
				DEVELOPMENT_ASSET_PATHS = "\"Target Countdown/Preview Content\"";
				DEVELOPMENT_TEAM = A9R26HX4FN;
				ENABLE_PREVIEWS = YES;
				GENERATE_INFOPLIST_FILE = YES;
				INFOPLIST_KEY_UIApplicationSceneManifest_Generation = YES;
				INFOPLIST_KEY_UIApplicationSupportsIndirectInputEvents = YES;
				INFOPLIST_KEY_UILaunchScreen_Generation = YES;
				INFOPLIST_KEY_UISupportedInterfaceOrientations_iPad = "UIInterfaceOrientationPortrait UIInterfaceOrientationPortraitUpsideDown UIInterfaceOrientationLandscapeLeft UIInterfaceOrientationLandscapeRight";
				INFOPLIST_KEY_UISupportedInterfaceOrientations_iPhone = "UIInterfaceOrientationPortrait UIInterfaceOrientationLandscapeLeft UIInterfaceOrientationLandscapeRight";
				LD_RUNPATH_SEARCH_PATHS = (
					"$(inherited)",
					"@executable_path/Frameworks",
				);
				MARKETING_VERSION = 1.0;
				PRODUCT_BUNDLE_IDENTIFIER = "loo.Target-Countdown";
				PRODUCT_NAME = "$(TARGET_NAME)";
				SWIFT_EMIT_LOC_STRINGS = YES;
				SWIFT_VERSION = 5.0;
				TARGETED_DEVICE_FAMILY = "1,2";
			};
			name = Debug;
		};
		F2E478BE2BA5EA370081A825 /* Release */ = {
			isa = XCBuildConfiguration;
			buildSettings = {
				ASSETCATALOG_COMPILER_APPICON_NAME = AppIcon;
				ASSETCATALOG_COMPILER_GLOBAL_ACCENT_COLOR_NAME = AccentColor;
				CODE_SIGN_STYLE = Automatic;
				CURRENT_PROJECT_VERSION = 1;
				DEVELOPMENT_ASSET_PATHS = "\"Target Countdown/Preview Content\"";
				DEVELOPMENT_TEAM = A9R26HX4FN;
				ENABLE_PREVIEWS = YES;
				GENERATE_INFOPLIST_FILE = YES;
				INFOPLIST_KEY_UIApplicationSceneManifest_Generation = YES;
				INFOPLIST_KEY_UIApplicationSupportsIndirectInputEvents = YES;
				INFOPLIST_KEY_UILaunchScreen_Generation = YES;
				INFOPLIST_KEY_UISupportedInterfaceOrientations_iPad = "UIInterfaceOrientationPortrait UIInterfaceOrientationPortraitUpsideDown UIInterfaceOrientationLandscapeLeft UIInterfaceOrientationLandscapeRight";
				INFOPLIST_KEY_UISupportedInterfaceOrientations_iPhone = "UIInterfaceOrientationPortrait UIInterfaceOrientationLandscapeLeft UIInterfaceOrientationLandscapeRight";
				LD_RUNPATH_SEARCH_PATHS = (
					"$(inherited)",
					"@executable_path/Frameworks",
				);
				MARKETING_VERSION = 1.0;
				PRODUCT_BUNDLE_IDENTIFIER = "loo.Target-Countdown";
				PRODUCT_NAME = "$(TARGET_NAME)";
				SWIFT_EMIT_LOC_STRINGS = YES;
				SWIFT_VERSION = 5.0;
				TARGETED_DEVICE_FAMILY = "1,2";
			};
			name = Release;
		};
/* End XCBuildConfiguration section */

/* Begin XCConfigurationList section */
		F2E478A72BA5EA350081A825 /* Build configuration list for PBXProject "Target Countdown" */ = {
			isa = XCConfigurationList;
			buildConfigurations = (
				F2E478BA2BA5EA370081A825 /* Debug */,
				F2E478BB2BA5EA370081A825 /* Release */,
			);
			defaultConfigurationIsVisible = 0;
			defaultConfigurationName = Release;
		};
		F2E478BC2BA5EA370081A825 /* Build configuration list for PBXNativeTarget "Target Countdown" */ = {
			isa = XCConfigurationList;
			buildConfigurations = (
				F2E478BD2BA5EA370081A825 /* Debug */,
				F2E478BE2BA5EA370081A825 /* Release */,
			);
			defaultConfigurationIsVisible = 0;
			defaultConfigurationName = Release;
		};
/* End XCConfigurationList section */
	};
	rootObject = F2E478A42BA5EA350081A825 /* Project object */;
}
